
Microsoft Visual Studio Solution File, Format Version 12.00
# Visual Studio 2013
VisualStudioVersion = 12.0.31101.0
MinimumVisualStudioVersion = 10.0.40219.1
Project("{FAE04EC0-301F-11D3-BF4B-00C04F79EFBC}") = "IPCMessageQueue", "IPCMessageQueue\IPCMessageQueue.csproj", "{B3C40954-D2EC-458B-B182-51EE9C4C9F74}"
EndProject
Project("{FAE04EC0-301F-11D3-BF4B-00C04F79EFBC}") = "IPCMQClient", "IPCMQClient\IPCMQClient.csproj", "{A0D99C6C-0A99-4AFA-841A-D315505B142D}"
EndProject
Global
	GlobalSection(SolutionConfigurationPlatforms) = preSolution
		Debug|Any CPU = Debug|Any CPU
		Release|Any CPU = Release|Any CPU
	EndGlobalSection
	GlobalSection(ProjectConfigurationPlatforms) = postSolution
		{B3C40954-D2EC-458B-B182-51EE9C4C9F74}.Debug|Any CPU.ActiveCfg = Debug|Any CPU
		{B3C40954-D2EC-458B-B182-51EE9C4C9F74}.Debug|Any CPU.Build.0 = Debug|Any CPU
		{B3C40954-D2EC-458B-B182-51EE9C4C9F74}.Release|Any CPU.ActiveCfg = Release|Any CPU
		{B3C40954-D2EC-458B-B182-51EE9C4C9F74}.Release|Any CPU.Build.0 = Release|Any CPU
		{A0D99C6C-0A99-4AFA-841A-D315505B142D}.Debug|Any CPU.ActiveCfg = Debug|Any CPU
		{A0D99C6C-0A99-4AFA-841A-D315505B142D}.Debug|Any CPU.Build.0 = Debug|Any CPU
		{A0D99C6C-0A99-4AFA-841A-D315505B142D}.Release|Any CPU.ActiveCfg = Release|Any CPU
		{A0D99C6C-0A99-4AFA-841A-D315505B142D}.Release|Any CPU.Build.0 = Release|Any CPU
	EndGlobalSection
	GlobalSection(SolutionProperties) = preSolution
		HideSolutionNode = FALSE
	EndGlobalSection
EndGlobal
